// !$*UTF8*$!
{
	archiveVersion = 1;
	classes = {
	};
	objectVersion = 60;
	objects = {

/* Begin PBXBuildFile section */
		04203A052B4C35F9004BC2A9 /* Models in Frameworks */ = {isa = PBXBuildFile; productRef = 04203A042B4C35F9004BC2A9 /* Models */; };
		043A97DD2B4C17F400592311 /* Router in Frameworks */ = {isa = PBXBuildFile; productRef = 043A97DC2B4C17F400592311 /* Router */; };
		043A97E12B4C184300592311 /* Booking in Frameworks */ = {isa = PBXBuildFile; productRef = 043A97E02B4C184300592311 /* Booking */; };
		043A97E32B4C184F00592311 /* UIComponents in Frameworks */ = {isa = PBXBuildFile; productRef = 043A97E22B4C184F00592311 /* UIComponents */; };
		043A97E92B4C1B5400592311 /* Rooms in Frameworks */ = {isa = PBXBuildFile; productRef = 043A97E82B4C1B5400592311 /* Rooms */; };
		043A97EB2B4C1E3900592311 /* Hotel in Frameworks */ = {isa = PBXBuildFile; productRef = 043A97EA2B4C1E3900592311 /* Hotel */; };
		043A97ED2B4C1EEE00592311 /* MadePayment in Frameworks */ = {isa = PBXBuildFile; productRef = 043A97EC2B4C1EEE00592311 /* MadePayment */; };
		04734EBF2B4BFFDD00885BDD /* HotelBookingApp.swift in Sources */ = {isa = PBXBuildFile; fileRef = 04734EBE2B4BFFDD00885BDD /* HotelBookingApp.swift */; };
		04734EC32B4BFFDF00885BDD /* Assets.xcassets in Resources */ = {isa = PBXBuildFile; fileRef = 04734EC22B4BFFDF00885BDD /* Assets.xcassets */; };
		04734EC62B4BFFDF00885BDD /* Preview Assets.xcassets in Resources */ = {isa = PBXBuildFile; fileRef = 04734EC52B4BFFDF00885BDD /* Preview Assets.xcassets */; };
/* End PBXBuildFile section */

/* Begin PBXFileReference section */
		043A97AC2B4C037300592311 /* Router */ = {isa = PBXFileReference; lastKnownFileType = wrapper; path = Router; sourceTree = "<group>"; };
		043A97AD2B4C037300592311 /* UIComponents */ = {isa = PBXFileReference; lastKnownFileType = wrapper; path = UIComponents; sourceTree = "<group>"; };
		043A97CF2B4C151200592311 /* Rooms */ = {isa = PBXFileReference; lastKnownFileType = wrapper; path = Rooms; sourceTree = "<group>"; };
		043A97D02B4C151200592311 /* MadePayment */ = {isa = PBXFileReference; lastKnownFileType = wrapper; path = MadePayment; sourceTree = "<group>"; };
		043A97D12B4C151200592311 /* Hotel */ = {isa = PBXFileReference; lastKnownFileType = wrapper; path = Hotel; sourceTree = "<group>"; };
		043A97D22B4C151200592311 /* Booking */ = {isa = PBXFileReference; lastKnownFileType = wrapper; path = Booking; sourceTree = "<group>"; };
		044C078A2B4C3350004211B0 /* Models */ = {isa = PBXFileReference; lastKnownFileType = wrapper; path = Models; sourceTree = "<group>"; };
		04734EBB2B4BFFDD00885BDD /* HotelBooking.app */ = {isa = PBXFileReference; explicitFileType = wrapper.application; includeInIndex = 0; path = HotelBooking.app; sourceTree = BUILT_PRODUCTS_DIR; };
		04734EBE2B4BFFDD00885BDD /* HotelBookingApp.swift */ = {isa = PBXFileReference; lastKnownFileType = sourcecode.swift; path = HotelBookingApp.swift; sourceTree = "<group>"; };
		04734EC22B4BFFDF00885BDD /* Assets.xcassets */ = {isa = PBXFileReference; lastKnownFileType = folder.assetcatalog; path = Assets.xcassets; sourceTree = "<group>"; };
		04734EC52B4BFFDF00885BDD /* Preview Assets.xcassets */ = {isa = PBXFileReference; lastKnownFileType = folder.assetcatalog; path = "Preview Assets.xcassets"; sourceTree = "<group>"; };
/* End PBXFileReference section */

/* Begin PBXFrameworksBuildPhase section */
		04734EB82B4BFFDD00885BDD /* Frameworks */ = {
			isa = PBXFrameworksBuildPhase;
			buildActionMask = 2147483647;
			files = (
				043A97E32B4C184F00592311 /* UIComponents in Frameworks */,
				043A97ED2B4C1EEE00592311 /* MadePayment in Frameworks */,
				043A97EB2B4C1E3900592311 /* Hotel in Frameworks */,
				043A97DD2B4C17F400592311 /* Router in Frameworks */,
				043A97E92B4C1B5400592311 /* Rooms in Frameworks */,
				04203A052B4C35F9004BC2A9 /* Models in Frameworks */,
				043A97E12B4C184300592311 /* Booking in Frameworks */,
			);
			runOnlyForDeploymentPostprocessing = 0;
		};
/* End PBXFrameworksBuildPhase section */

/* Begin PBXGroup section */
		043A97AA2B4C035F00592311 /* Components */ = {
			isa = PBXGroup;
			children = (
				044C078A2B4C3350004211B0 /* Models */,
				043A97AC2B4C037300592311 /* Router */,
				043A97AD2B4C037300592311 /* UIComponents */,
			);
			path = Components;
			sourceTree = "<group>";
		};
		043A97B62B4C0A2700592311 /* Frameworks */ = {
			isa = PBXGroup;
			children = (
			);
			name = Frameworks;
			sourceTree = "<group>";
		};
		043A97CE2B4C14B300592311 /* Features */ = {
			isa = PBXGroup;
			children = (
				043A97D02B4C151200592311 /* MadePayment */,
				043A97CF2B4C151200592311 /* Rooms */,
				043A97D12B4C151200592311 /* Hotel */,
				043A97D22B4C151200592311 /* Booking */,
			);
			path = Features;
			sourceTree = "<group>";
		};
		04734EB22B4BFFDC00885BDD = {
			isa = PBXGroup;
			children = (
				04734EBD2B4BFFDD00885BDD /* HotelBooking */,
				04734EBC2B4BFFDD00885BDD /* Products */,
				043A97B62B4C0A2700592311 /* Frameworks */,
			);
			sourceTree = "<group>";
		};
		04734EBC2B4BFFDD00885BDD /* Products */ = {
			isa = PBXGroup;
			children = (
				04734EBB2B4BFFDD00885BDD /* HotelBooking.app */,
			);
			name = Products;
			sourceTree = "<group>";
		};
		04734EBD2B4BFFDD00885BDD /* HotelBooking */ = {
			isa = PBXGroup;
			children = (
				043A97CE2B4C14B300592311 /* Features */,
				043A97AA2B4C035F00592311 /* Components */,
				04734EBE2B4BFFDD00885BDD /* HotelBookingApp.swift */,
				04734EC22B4BFFDF00885BDD /* Assets.xcassets */,
				04734EC42B4BFFDF00885BDD /* Preview Content */,
			);
			path = HotelBooking;
			sourceTree = "<group>";
		};
		04734EC42B4BFFDF00885BDD /* Preview Content */ = {
			isa = PBXGroup;
			children = (
				04734EC52B4BFFDF00885BDD /* Preview Assets.xcassets */,
			);
			path = "Preview Content";
			sourceTree = "<group>";
		};
/* End PBXGroup section */

/* Begin PBXNativeTarget section */
		04734EBA2B4BFFDD00885BDD /* HotelBooking */ = {
			isa = PBXNativeTarget;
			buildConfigurationList = 04734EC92B4BFFDF00885BDD /* Build configuration list for PBXNativeTarget "HotelBooking" */;
			buildPhases = (
				04734EB72B4BFFDD00885BDD /* Sources */,
				04734EB82B4BFFDD00885BDD /* Frameworks */,
				04734EB92B4BFFDD00885BDD /* Resources */,
			);
			buildRules = (
			);
			dependencies = (
			);
			name = HotelBooking;
			packageProductDependencies = (
				043A97DC2B4C17F400592311 /* Router */,
				043A97E02B4C184300592311 /* Booking */,
				043A97E22B4C184F00592311 /* UIComponents */,
				043A97E82B4C1B5400592311 /* Rooms */,
				043A97EA2B4C1E3900592311 /* Hotel */,
				043A97EC2B4C1EEE00592311 /* MadePayment */,
				04203A042B4C35F9004BC2A9 /* Models */,
			);
			productName = HotelBooking;
			productReference = 04734EBB2B4BFFDD00885BDD /* HotelBooking.app */;
			productType = "com.apple.product-type.application";
		};
/* End PBXNativeTarget section */

/* Begin PBXProject section */
		04734EB32B4BFFDD00885BDD /* Project object */ = {
			isa = PBXProject;
			attributes = {
				BuildIndependentTargetsInParallel = 1;
				LastSwiftUpdateCheck = 1510;
				LastUpgradeCheck = 1510;
				TargetAttributes = {
					04734EBA2B4BFFDD00885BDD = {
						CreatedOnToolsVersion = 15.1;
					};
				};
			};
			buildConfigurationList = 04734EB62B4BFFDD00885BDD /* Build configuration list for PBXProject "HotelBooking" */;
			compatibilityVersion = "Xcode 14.0";
			developmentRegion = en;
			hasScannedForEncodings = 0;
			knownRegions = (
				en,
				Base,
			);
			mainGroup = 04734EB22B4BFFDC00885BDD;
			packageReferences = (
			);
			productRefGroup = 04734EBC2B4BFFDD00885BDD /* Products */;
			projectDirPath = "";
			projectRoot = "";
			targets = (
				04734EBA2B4BFFDD00885BDD /* HotelBooking */,
			);
		};
/* End PBXProject section */

/* Begin PBXResourcesBuildPhase section */
		04734EB92B4BFFDD00885BDD /* Resources */ = {
			isa = PBXResourcesBuildPhase;
			buildActionMask = 2147483647;
			files = (
				04734EC62B4BFFDF00885BDD /* Preview Assets.xcassets in Resources */,
				04734EC32B4BFFDF00885BDD /* Assets.xcassets in Resources */,
			);
			runOnlyForDeploymentPostprocessing = 0;
		};
/* End PBXResourcesBuildPhase section */

/* Begin PBXSourcesBuildPhase section */
		04734EB72B4BFFDD00885BDD /* Sources */ = {
			isa = PBXSourcesBuildPhase;
			buildActionMask = 2147483647;
			files = (
				04734EBF2B4BFFDD00885BDD /* HotelBookingApp.swift in Sources */,
			);
			runOnlyForDeploymentPostprocessing = 0;
		};
/* End PBXSourcesBuildPhase section */

/* Begin XCBuildConfiguration section */
		04734EC72B4BFFDF00885BDD /* Debug */ = {
			isa = XCBuildConfiguration;
			buildSettings = {
				ALWAYS_SEARCH_USER_PATHS = NO;
				ASSETCATALOG_COMPILER_GENERATE_SWIFT_ASSET_SYMBOL_EXTENSIONS = YES;
				CLANG_ANALYZER_NONNULL = YES;
				CLANG_ANALYZER_NUMBER_OBJECT_CONVERSION = YES_AGGRESSIVE;
				CLANG_CXX_LANGUAGE_STANDARD = "gnu++20";
				CLANG_ENABLE_MODULES = YES;
				CLANG_ENABLE_OBJC_ARC = YES;
				CLANG_ENABLE_OBJC_WEAK = YES;
				CLANG_WARN_BLOCK_CAPTURE_AUTORELEASING = YES;
				CLANG_WARN_BOOL_CONVERSION = YES;
				CLANG_WARN_COMMA = YES;
				CLANG_WARN_CONSTANT_CONVERSION = YES;
				CLANG_WARN_DEPRECATED_OBJC_IMPLEMENTATIONS = YES;
				CLANG_WARN_DIRECT_OBJC_ISA_USAGE = YES_ERROR;
				CLANG_WARN_DOCUMENTATION_COMMENTS = YES;
				CLANG_WARN_EMPTY_BODY = YES;
				CLANG_WARN_ENUM_CONVERSION = YES;
				CLANG_WARN_INFINITE_RECURSION = YES;
				CLANG_WARN_INT_CONVERSION = YES;
				CLANG_WARN_NON_LITERAL_NULL_CONVERSION = YES;
				CLANG_WARN_OBJC_IMPLICIT_RETAIN_SELF = YES;
				CLANG_WARN_OBJC_LITERAL_CONVERSION = YES;
				CLANG_WARN_OBJC_ROOT_CLASS = YES_ERROR;
				CLANG_WARN_QUOTED_INCLUDE_IN_FRAMEWORK_HEADER = YES;
				CLANG_WARN_RANGE_LOOP_ANALYSIS = YES;
				CLANG_WARN_STRICT_PROTOTYPES = YES;
				CLANG_WARN_SUSPICIOUS_MOVE = YES;
				CLANG_WARN_UNGUARDED_AVAILABILITY = YES_AGGRESSIVE;
				CLANG_WARN_UNREACHABLE_CODE = YES;
				CLANG_WARN__DUPLICATE_METHOD_MATCH = YES;
				COPY_PHASE_STRIP = NO;
				DEBUG_INFORMATION_FORMAT = dwarf;
				ENABLE_STRICT_OBJC_MSGSEND = YES;
				ENABLE_TESTABILITY = YES;
				ENABLE_USER_SCRIPT_SANDBOXING = YES;
				GCC_C_LANGUAGE_STANDARD = gnu17;
				GCC_DYNAMIC_NO_PIC = NO;
				GCC_NO_COMMON_BLOCKS = YES;
				GCC_OPTIMIZATION_LEVEL = 0;
				GCC_PREPROCESSOR_DEFINITIONS = (
					"DEBUG=1",
					"$(inherited)",
				);
				GCC_WARN_64_TO_32_BIT_CONVERSION = YES;
				GCC_WARN_ABOUT_RETURN_TYPE = YES_ERROR;
				GCC_WARN_UNDECLARED_SELECTOR = YES;
				GCC_WARN_UNINITIALIZED_AUTOS = YES_AGGRESSIVE;
				GCC_WARN_UNUSED_FUNCTION = YES;
				GCC_WARN_UNUSED_VARIABLE = YES;
				IPHONEOS_DEPLOYMENT_TARGET = 17.2;
				LOCALIZATION_PREFERS_STRING_CATALOGS = YES;
				MTL_ENABLE_DEBUG_INFO = INCLUDE_SOURCE;
				MTL_FAST_MATH = YES;
				ONLY_ACTIVE_ARCH = YES;
				SDKROOT = iphoneos;
				SWIFT_ACTIVE_COMPILATION_CONDITIONS = "DEBUG $(inherited)";
				SWIFT_OPTIMIZATION_LEVEL = "-Onone";
			};
			name = Debug;
		};
		04734EC82B4BFFDF00885BDD /* Release */ = {
			isa = XCBuildConfiguration;
			buildSettings = {
				ALWAYS_SEARCH_USER_PATHS = NO;
				ASSETCATALOG_COMPILER_GENERATE_SWIFT_ASSET_SYMBOL_EXTENSIONS = YES;
				CLANG_ANALYZER_NONNULL = YES;
				CLANG_ANALYZER_NUMBER_OBJECT_CONVERSION = YES_AGGRESSIVE;
				CLANG_CXX_LANGUAGE_STANDARD = "gnu++20";
				CLANG_ENABLE_MODULES = YES;
				CLANG_ENABLE_OBJC_ARC = YES;
				CLANG_ENABLE_OBJC_WEAK = YES;
				CLANG_WARN_BLOCK_CAPTURE_AUTORELEASING = YES;
				CLANG_WARN_BOOL_CONVERSION = YES;
				CLANG_WARN_COMMA = YES;
				CLANG_WARN_CONSTANT_CONVERSION = YES;
				CLANG_WARN_DEPRECATED_OBJC_IMPLEMENTATIONS = YES;
				CLANG_WARN_DIRECT_OBJC_ISA_USAGE = YES_ERROR;
				CLANG_WARN_DOCUMENTATION_COMMENTS = YES;
				CLANG_WARN_EMPTY_BODY = YES;
				CLANG_WARN_ENUM_CONVERSION = YES;
				CLANG_WARN_INFINITE_RECURSION = YES;
				CLANG_WARN_INT_CONVERSION = YES;
				CLANG_WARN_NON_LITERAL_NULL_CONVERSION = YES;
				CLANG_WARN_OBJC_IMPLICIT_RETAIN_SELF = YES;
				CLANG_WARN_OBJC_LITERAL_CONVERSION = YES;
				CLANG_WARN_OBJC_ROOT_CLASS = YES_ERROR;
				CLANG_WARN_QUOTED_INCLUDE_IN_FRAMEWORK_HEADER = YES;
				CLANG_WARN_RANGE_LOOP_ANALYSIS = YES;
				CLANG_WARN_STRICT_PROTOTYPES = YES;
				CLANG_WARN_SUSPICIOUS_MOVE = YES;
				CLANG_WARN_UNGUARDED_AVAILABILITY = YES_AGGRESSIVE;
				CLANG_WARN_UNREACHABLE_CODE = YES;
				CLANG_WARN__DUPLICATE_METHOD_MATCH = YES;
				COPY_PHASE_STRIP = NO;
				DEBUG_INFORMATION_FORMAT = "dwarf-with-dsym";
				ENABLE_NS_ASSERTIONS = NO;
				ENABLE_STRICT_OBJC_MSGSEND = YES;
				ENABLE_USER_SCRIPT_SANDBOXING = YES;
				GCC_C_LANGUAGE_STANDARD = gnu17;
				GCC_NO_COMMON_BLOCKS = YES;
				GCC_WARN_64_TO_32_BIT_CONVERSION = YES;
				GCC_WARN_ABOUT_RETURN_TYPE = YES_ERROR;
				GCC_WARN_UNDECLARED_SELECTOR = YES;
				GCC_WARN_UNINITIALIZED_AUTOS = YES_AGGRESSIVE;
				GCC_WARN_UNUSED_FUNCTION = YES;
				GCC_WARN_UNUSED_VARIABLE = YES;
				IPHONEOS_DEPLOYMENT_TARGET = 17.2;
				LOCALIZATION_PREFERS_STRING_CATALOGS = YES;
				MTL_ENABLE_DEBUG_INFO = NO;
				MTL_FAST_MATH = YES;
				SDKROOT = iphoneos;
				SWIFT_COMPILATION_MODE = wholemodule;
				VALIDATE_PRODUCT = YES;
			};
			name = Release;
		};
		04734ECA2B4BFFDF00885BDD /* Debug */ = {
			isa = XCBuildConfiguration;
			buildSettings = {
				ASSETCATALOG_COMPILER_APPICON_NAME = AppIcon;
				ASSETCATALOG_COMPILER_GLOBAL_ACCENT_COLOR_NAME = AccentColor;
				CODE_SIGN_STYLE = Automatic;
				CURRENT_PROJECT_VERSION = 1;
				DEVELOPMENT_ASSET_PATHS = "\"HotelBooking/Preview Content\"";
				DEVELOPMENT_TEAM = KC9TW94N9S;
				ENABLE_PREVIEWS = YES;
				GENERATE_INFOPLIST_FILE = YES;
				INFOPLIST_KEY_UIApplicationSceneManifest_Generation = YES;
				INFOPLIST_KEY_UIApplicationSupportsIndirectInputEvents = YES;
				INFOPLIST_KEY_UILaunchScreen_Generation = YES;
				INFOPLIST_KEY_UISupportedInterfaceOrientations = UIInterfaceOrientationPortrait;
				LD_RUNPATH_SEARCH_PATHS = (
					"$(inherited)",
					"@executable_path/Frameworks",
				);
				MARKETING_VERSION = 1.0;
				PRODUCT_BUNDLE_IDENTIFIER = com.sanatillayev.HotelBooking;
				PRODUCT_NAME = "$(TARGET_NAME)";
				SUPPORTED_PLATFORMS = "iphoneos iphonesimulator";
				SUPPORTS_MACCATALYST = NO;
				SUPPORTS_MAC_DESIGNED_FOR_IPHONE_IPAD = NO;
				SWIFT_EMIT_LOC_STRINGS = YES;
				SWIFT_VERSION = 5.0;
				TARGETED_DEVICE_FAMILY = 1;
			};
			name = Debug;
		};
		04734ECB2B4BFFDF00885BDD /* Release */ = {
			isa = XCBuildConfiguration;
			buildSettings = {
				ASSETCATALOG_COMPILER_APPICON_NAME = AppIcon;
				ASSETCATALOG_COMPILER_GLOBAL_ACCENT_COLOR_NAME = AccentColor;
				CODE_SIGN_STYLE = Automatic;
				CURRENT_PROJECT_VERSION = 1;
				DEVELOPMENT_ASSET_PATHS = "\"HotelBooking/Preview Content\"";
				DEVELOPMENT_TEAM = KC9TW94N9S;
				ENABLE_PREVIEWS = YES;
				GENERATE_INFOPLIST_FILE = YES;
				INFOPLIST_KEY_UIApplicationSceneManifest_Generation = YES;
				INFOPLIST_KEY_UIApplicationSupportsIndirectInputEvents = YES;
				INFOPLIST_KEY_UILaunchScreen_Generation = YES;
				INFOPLIST_KEY_UISupportedInterfaceOrientations = UIInterfaceOrientationPortrait;
				LD_RUNPATH_SEARCH_PATHS = (
					"$(inherited)",
					"@executable_path/Frameworks",
				);
				MARKETING_VERSION = 1.0;
				PRODUCT_BUNDLE_IDENTIFIER = com.sanatillayev.HotelBooking;
				PRODUCT_NAME = "$(TARGET_NAME)";
				SUPPORTED_PLATFORMS = "iphoneos iphonesimulator";
				SUPPORTS_MACCATALYST = NO;
				SUPPORTS_MAC_DESIGNED_FOR_IPHONE_IPAD = NO;
				SWIFT_EMIT_LOC_STRINGS = YES;
				SWIFT_VERSION = 5.0;
				TARGETED_DEVICE_FAMILY = 1;
			};
			name = Release;
		};
/* End XCBuildConfiguration section */

/* Begin XCConfigurationList section */
		04734EB62B4BFFDD00885BDD /* Build configuration list for PBXProject "HotelBooking" */ = {
			isa = XCConfigurationList;
			buildConfigurations = (
				04734EC72B4BFFDF00885BDD /* Debug */,
				04734EC82B4BFFDF00885BDD /* Release */,
			);
			defaultConfigurationIsVisible = 0;
			defaultConfigurationName = Release;
		};
		04734EC92B4BFFDF00885BDD /* Build configuration list for PBXNativeTarget "HotelBooking" */ = {
			isa = XCConfigurationList;
			buildConfigurations = (
				04734ECA2B4BFFDF00885BDD /* Debug */,
				04734ECB2B4BFFDF00885BDD /* Release */,
			);
			defaultConfigurationIsVisible = 0;
			defaultConfigurationName = Release;
		};
/* End XCConfigurationList section */


/* Begin XCSwiftPackageProductDependency section */
		04203A042B4C35F9004BC2A9 /* Models */ = {
			isa = XCSwiftPackageProductDependency;
			productName = Models;
		};
		043A97DC2B4C17F400592311 /* Router */ = {
			isa = XCSwiftPackageProductDependency;
			productName = Router;
		};
		043A97E02B4C184300592311 /* Booking */ = {
			isa = XCSwiftPackageProductDependency;
			productName = Booking;
		};
		043A97E22B4C184F00592311 /* UIComponents */ = {
			isa = XCSwiftPackageProductDependency;
			productName = UIComponents;
		};
		043A97E82B4C1B5400592311 /* Rooms */ = {
			isa = XCSwiftPackageProductDependency;
			productName = Rooms;
		};
		043A97EA2B4C1E3900592311 /* Hotel */ = {
			isa = XCSwiftPackageProductDependency;
			productName = Hotel;
		};
		043A97EC2B4C1EEE00592311 /* MadePayment */ = {
			isa = XCSwiftPackageProductDependency;
			productName = MadePayment;
		};
/* End XCSwiftPackageProductDependency section */
	};
	rootObject = 04734EB32B4BFFDD00885BDD /* Project object */;
}
